# THIS IS AN AUTOGENERATED FILE. DO NOT EDIT THIS FILE DIRECTLY.
# yarn lockfile v1


valid-url-utf8@^1.0.3, valid-url-utf8@^1.0.4:
  version "1.0.4"
  resolved "https://registry.yarnpkg.com/valid-url-utf8/-/valid-url-utf8-1.0.4.tgz#c5bd411c32ddbe64a3e8cf76257f8c82ea0b3e1c"
  integrity sha512-KtEVqF+qFTpYGBoPM6g00EfZE/auyhVoXzkUxQsccpULZG+nZwEToHdWl5w1JJaWlvg3lIaNI14QoJVrJZszZA==
  dependencies:
    valid-url-utf8 "^1.0.3"
