# THIS IS AN AUTOGENERATED FILE. DO NOT EDIT THIS FILE DIRECTLY.
# yarn lockfile v1


valid-url-utf8@^1.0.2, valid-url-utf8@^1.0.3:
  version "1.0.3"
  resolved "https://registry.yarnpkg.com/valid-url-utf8/-/valid-url-utf8-1.0.3.tgz#33f8ceb5797e2cc528045bbb74474fcee96e722c"
  integrity sha512-OGfFAD4JEFnxI7nTb/tajNu5u4c1M7sVCefwd5jMSdVWEptmpkH5JHXvDbuXA+jlP2J7VZo054Owo/qSUsBKuA==
  dependencies:
    valid-url-utf8 "^1.0.2"
